
Microsoft Visual Studio Solution File, Format Version 12.00
# Visual Studio Version 17
VisualStudioVersion = 17.14.36109.1
MinimumVisualStudioVersion = 10.0.40219.1
Project("{FAE04EC0-301F-11D3-BF4B-00C04F79EFBC}") = "DAL", "DAL\DAL.csproj", "{7DFDD789-A415-47B8-93E6-5DC7B258B6C9}"
EndProject
Project("{FAE04EC0-301F-11D3-BF4B-00C04F79EFBC}") = "ConsoleUI", "ConsoleUI\ConsoleUI.csproj", "{4B036959-0F3D-4364-8055-00E55BF8E995}"
EndProject
Global
	GlobalSection(SolutionConfigurationPlatforms) = preSolution
		Debug|Any CPU = Debug|Any CPU
		Release|Any CPU = Release|Any CPU
	EndGlobalSection
	GlobalSection(ProjectConfigurationPlatforms) = postSolution
		{7DFDD789-A415-47B8-93E6-5DC7B258B6C9}.Debug|Any CPU.ActiveCfg = Debug|Any CPU
		{7DFDD789-A415-47B8-93E6-5DC7B258B6C9}.Debug|Any CPU.Build.0 = Debug|Any CPU
		{7DFDD789-A415-47B8-93E6-5DC7B258B6C9}.Release|Any CPU.ActiveCfg = Release|Any CPU
		{7DFDD789-A415-47B8-93E6-5DC7B258B6C9}.Release|Any CPU.Build.0 = Release|Any CPU
		{4B036959-0F3D-4364-8055-00E55BF8E995}.Debug|Any CPU.ActiveCfg = Debug|Any CPU
		{4B036959-0F3D-4364-8055-00E55BF8E995}.Debug|Any CPU.Build.0 = Debug|Any CPU
		{4B036959-0F3D-4364-8055-00E55BF8E995}.Release|Any CPU.ActiveCfg = Release|Any CPU
		{4B036959-0F3D-4364-8055-00E55BF8E995}.Release|Any CPU.Build.0 = Release|Any CPU
	EndGlobalSection
	GlobalSection(SolutionProperties) = preSolution
		HideSolutionNode = FALSE
	EndGlobalSection
	GlobalSection(ExtensibilityGlobals) = postSolution
		SolutionGuid = {AE9E4160-DEA2-4C4B-914B-7A4DB29BD3F8}
	EndGlobalSection
EndGlobal
